// !$*UTF8*$!
{
	archiveVersion = 1;
	classes = {
	};
	objectVersion = 56;
	objects = {

/* Begin PBXBuildFile section */
		5354948628F4A0F5009EC0CB /* AppDelegate.swift in Sources */ = {isa = PBXBuildFile; fileRef = 5354948528F4A0F5009EC0CB /* AppDelegate.swift */; };
		5354948828F4A0F5009EC0CB /* SceneDelegate.swift in Sources */ = {isa = PBXBuildFile; fileRef = 5354948728F4A0F5009EC0CB /* SceneDelegate.swift */; };
		5354948A28F4A0F5009EC0CB /* ApiViewController.swift in Sources */ = {isa = PBXBuildFile; fileRef = 5354948928F4A0F5009EC0CB /* ApiViewController.swift */; };
		5354948F28F4A0F6009EC0CB /* Assets.xcassets in Resources */ = {isa = PBXBuildFile; fileRef = 5354948E28F4A0F6009EC0CB /* Assets.xcassets */; };
		5354949228F4A0F6009EC0CB /* LaunchScreen.storyboard in Resources */ = {isa = PBXBuildFile; fileRef = 5354949028F4A0F6009EC0CB /* LaunchScreen.storyboard */; };
		5354949D28F4A0F6009EC0CB /* NeverBeBoredTests.swift in Sources */ = {isa = PBXBuildFile; fileRef = 5354949C28F4A0F6009EC0CB /* NeverBeBoredTests.swift */; };
		535494A728F4A0F6009EC0CB /* NeverBeBoredUITests.swift in Sources */ = {isa = PBXBuildFile; fileRef = 535494A628F4A0F6009EC0CB /* NeverBeBoredUITests.swift */; };
		535494A928F4A0F6009EC0CB /* NeverBeBoredUITestsLaunchTests.swift in Sources */ = {isa = PBXBuildFile; fileRef = 535494A828F4A0F6009EC0CB /* NeverBeBoredUITestsLaunchTests.swift */; };
		535494BB28F5B0CB009EC0CB /* APIModel.swift in Sources */ = {isa = PBXBuildFile; fileRef = 535494BA28F5B0CB009EC0CB /* APIModel.swift */; };
		535494BE28F5B7FE009EC0CB /* EnumError.swift in Sources */ = {isa = PBXBuildFile; fileRef = 535494BD28F5B7FE009EC0CB /* EnumError.swift */; };
		535494C128F5DCBC009EC0CB /* APICall.swift in Sources */ = {isa = PBXBuildFile; fileRef = 535494C028F5DCBC009EC0CB /* APICall.swift */; };
		535494D128F69F2C009EC0CB /* ViewCoding.swift in Sources */ = {isa = PBXBuildFile; fileRef = 535494D028F69F2C009EC0CB /* ViewCoding.swift */; };
		536CDA3928F8804C00C3B698 /* OnboardingScreenController.swift in Sources */ = {isa = PBXBuildFile; fileRef = 536CDA3828F8804C00C3B698 /* OnboardingScreenController.swift */; };
		536CDA3E28F8812000C3B698 /* Utils.swift in Sources */ = {isa = PBXBuildFile; fileRef = 536CDA3D28F8812000C3B698 /* Utils.swift */; };
		536CDA4028F9873700C3B698 /* OnboardingScreenView.swift in Sources */ = {isa = PBXBuildFile; fileRef = 536CDA3F28F9873700C3B698 /* OnboardingScreenView.swift */; };
		536CDA4228F990E800C3B698 /* OnboardingScreenModel.swift in Sources */ = {isa = PBXBuildFile; fileRef = 536CDA4128F990E800C3B698 /* OnboardingScreenModel.swift */; };
		536CDA4E28FD8CF200C3B698 /* MainScreenView.swift in Sources */ = {isa = PBXBuildFile; fileRef = 536CDA4D28FD8CF200C3B698 /* MainScreenView.swift */; };
		536CDA5028FD8CFE00C3B698 /* MainScreenModel.swift in Sources */ = {isa = PBXBuildFile; fileRef = 536CDA4F28FD8CFE00C3B698 /* MainScreenModel.swift */; };
		536CDA5228FDA3DA00C3B698 /* MainScreenController.swift in Sources */ = {isa = PBXBuildFile; fileRef = 536CDA5128FDA3DA00C3B698 /* MainScreenController.swift */; };
		53E9C205290026A800131473 /* FavoritesController.swift in Sources */ = {isa = PBXBuildFile; fileRef = 53E9C204290026A800131473 /* FavoritesController.swift */; };
		53E9C20729006E9400131473 /* FavoritesView.swift in Sources */ = {isa = PBXBuildFile; fileRef = 53E9C20629006E9400131473 /* FavoritesView.swift */; };
/* End PBXBuildFile section */

/* Begin PBXContainerItemProxy section */
		5354949928F4A0F6009EC0CB /* PBXContainerItemProxy */ = {
			isa = PBXContainerItemProxy;
			containerPortal = 5354947A28F4A0F5009EC0CB /* Project object */;
			proxyType = 1;
			remoteGlobalIDString = 5354948128F4A0F5009EC0CB;
			remoteInfo = NeverBeBored;
		};
		535494A328F4A0F6009EC0CB /* PBXContainerItemProxy */ = {
			isa = PBXContainerItemProxy;
			containerPortal = 5354947A28F4A0F5009EC0CB /* Project object */;
			proxyType = 1;
			remoteGlobalIDString = 5354948128F4A0F5009EC0CB;
			remoteInfo = NeverBeBored;
		};
/* End PBXContainerItemProxy section */

/* Begin PBXFileReference section */
		5354948228F4A0F5009EC0CB /* NeverBeBored.app */ = {isa = PBXFileReference; explicitFileType = wrapper.application; includeInIndex = 0; path = NeverBeBored.app; sourceTree = BUILT_PRODUCTS_DIR; };
		5354948528F4A0F5009EC0CB /* AppDelegate.swift */ = {isa = PBXFileReference; lastKnownFileType = sourcecode.swift; path = AppDelegate.swift; sourceTree = "<group>"; };
		5354948728F4A0F5009EC0CB /* SceneDelegate.swift */ = {isa = PBXFileReference; lastKnownFileType = sourcecode.swift; path = SceneDelegate.swift; sourceTree = "<group>"; };
		5354948928F4A0F5009EC0CB /* ApiViewController.swift */ = {isa = PBXFileReference; lastKnownFileType = sourcecode.swift; path = ApiViewController.swift; sourceTree = "<group>"; };
		5354948E28F4A0F6009EC0CB /* Assets.xcassets */ = {isa = PBXFileReference; lastKnownFileType = folder.assetcatalog; path = Assets.xcassets; sourceTree = "<group>"; };
		5354949128F4A0F6009EC0CB /* Base */ = {isa = PBXFileReference; lastKnownFileType = file.storyboard; name = Base; path = Base.lproj/LaunchScreen.storyboard; sourceTree = "<group>"; };
		5354949328F4A0F6009EC0CB /* Info.plist */ = {isa = PBXFileReference; lastKnownFileType = text.plist.xml; path = Info.plist; sourceTree = "<group>"; };
		5354949828F4A0F6009EC0CB /* NeverBeBoredTests.xctest */ = {isa = PBXFileReference; explicitFileType = wrapper.cfbundle; includeInIndex = 0; path = NeverBeBoredTests.xctest; sourceTree = BUILT_PRODUCTS_DIR; };
		5354949C28F4A0F6009EC0CB /* NeverBeBoredTests.swift */ = {isa = PBXFileReference; lastKnownFileType = sourcecode.swift; path = NeverBeBoredTests.swift; sourceTree = "<group>"; };
		535494A228F4A0F6009EC0CB /* NeverBeBoredUITests.xctest */ = {isa = PBXFileReference; explicitFileType = wrapper.cfbundle; includeInIndex = 0; path = NeverBeBoredUITests.xctest; sourceTree = BUILT_PRODUCTS_DIR; };
		535494A628F4A0F6009EC0CB /* NeverBeBoredUITests.swift */ = {isa = PBXFileReference; lastKnownFileType = sourcecode.swift; path = NeverBeBoredUITests.swift; sourceTree = "<group>"; };
		535494A828F4A0F6009EC0CB /* NeverBeBoredUITestsLaunchTests.swift */ = {isa = PBXFileReference; lastKnownFileType = sourcecode.swift; path = NeverBeBoredUITestsLaunchTests.swift; sourceTree = "<group>"; };
		535494BA28F5B0CB009EC0CB /* APIModel.swift */ = {isa = PBXFileReference; lastKnownFileType = sourcecode.swift; path = APIModel.swift; sourceTree = "<group>"; };
		535494BD28F5B7FE009EC0CB /* EnumError.swift */ = {isa = PBXFileReference; lastKnownFileType = sourcecode.swift; path = EnumError.swift; sourceTree = "<group>"; };
		535494C028F5DCBC009EC0CB /* APICall.swift */ = {isa = PBXFileReference; lastKnownFileType = sourcecode.swift; path = APICall.swift; sourceTree = "<group>"; };
		535494D028F69F2C009EC0CB /* ViewCoding.swift */ = {isa = PBXFileReference; lastKnownFileType = sourcecode.swift; path = ViewCoding.swift; sourceTree = "<group>"; };
		536CDA3828F8804C00C3B698 /* OnboardingScreenController.swift */ = {isa = PBXFileReference; lastKnownFileType = sourcecode.swift; path = OnboardingScreenController.swift; sourceTree = "<group>"; };
		536CDA3D28F8812000C3B698 /* Utils.swift */ = {isa = PBXFileReference; lastKnownFileType = sourcecode.swift; path = Utils.swift; sourceTree = "<group>"; };
		536CDA3F28F9873700C3B698 /* OnboardingScreenView.swift */ = {isa = PBXFileReference; lastKnownFileType = sourcecode.swift; path = OnboardingScreenView.swift; sourceTree = "<group>"; };
		536CDA4128F990E800C3B698 /* OnboardingScreenModel.swift */ = {isa = PBXFileReference; lastKnownFileType = sourcecode.swift; path = OnboardingScreenModel.swift; sourceTree = "<group>"; };
		536CDA4D28FD8CF200C3B698 /* MainScreenView.swift */ = {isa = PBXFileReference; lastKnownFileType = sourcecode.swift; path = MainScreenView.swift; sourceTree = "<group>"; };
		536CDA4F28FD8CFE00C3B698 /* MainScreenModel.swift */ = {isa = PBXFileReference; lastKnownFileType = sourcecode.swift; path = MainScreenModel.swift; sourceTree = "<group>"; };
		536CDA5128FDA3DA00C3B698 /* MainScreenController.swift */ = {isa = PBXFileReference; lastKnownFileType = sourcecode.swift; path = MainScreenController.swift; sourceTree = "<group>"; };
		53E9C204290026A800131473 /* FavoritesController.swift */ = {isa = PBXFileReference; lastKnownFileType = sourcecode.swift; path = FavoritesController.swift; sourceTree = "<group>"; };
		53E9C20629006E9400131473 /* FavoritesView.swift */ = {isa = PBXFileReference; lastKnownFileType = sourcecode.swift; path = FavoritesView.swift; sourceTree = "<group>"; };
/* End PBXFileReference section */

/* Begin PBXFrameworksBuildPhase section */
		5354947F28F4A0F5009EC0CB /* Frameworks */ = {
			isa = PBXFrameworksBuildPhase;
			buildActionMask = 2147483647;
			files = (
			);
			runOnlyForDeploymentPostprocessing = 0;
		};
		5354949528F4A0F6009EC0CB /* Frameworks */ = {
			isa = PBXFrameworksBuildPhase;
			buildActionMask = 2147483647;
			files = (
			);
			runOnlyForDeploymentPostprocessing = 0;
		};
		5354949F28F4A0F6009EC0CB /* Frameworks */ = {
			isa = PBXFrameworksBuildPhase;
			buildActionMask = 2147483647;
			files = (
			);
			runOnlyForDeploymentPostprocessing = 0;
		};
/* End PBXFrameworksBuildPhase section */

/* Begin PBXGroup section */
		5354947928F4A0F5009EC0CB = {
			isa = PBXGroup;
			children = (
				5354948428F4A0F5009EC0CB /* NeverBeBored */,
				5354949B28F4A0F6009EC0CB /* NeverBeBoredTests */,
				535494A528F4A0F6009EC0CB /* NeverBeBoredUITests */,
				5354948328F4A0F5009EC0CB /* Products */,
			);
			sourceTree = "<group>";
		};
		5354948328F4A0F5009EC0CB /* Products */ = {
			isa = PBXGroup;
			children = (
				5354948228F4A0F5009EC0CB /* NeverBeBored.app */,
				5354949828F4A0F6009EC0CB /* NeverBeBoredTests.xctest */,
				535494A228F4A0F6009EC0CB /* NeverBeBoredUITests.xctest */,
			);
			name = Products;
			sourceTree = "<group>";
		};
		5354948428F4A0F5009EC0CB /* NeverBeBored */ = {
			isa = PBXGroup;
			children = (
				535494B628F59700009EC0CB /* Application */,
				535494B828F59710009EC0CB /* Resource */,
				535494B728F59708009EC0CB /* Source */,
				5354949328F4A0F6009EC0CB /* Info.plist */,
			);
			path = NeverBeBored;
			sourceTree = "<group>";
		};
		5354949B28F4A0F6009EC0CB /* NeverBeBoredTests */ = {
			isa = PBXGroup;
			children = (
				5354949C28F4A0F6009EC0CB /* NeverBeBoredTests.swift */,
			);
			path = NeverBeBoredTests;
			sourceTree = "<group>";
		};
		535494A528F4A0F6009EC0CB /* NeverBeBoredUITests */ = {
			isa = PBXGroup;
			children = (
				535494A628F4A0F6009EC0CB /* NeverBeBoredUITests.swift */,
				535494A828F4A0F6009EC0CB /* NeverBeBoredUITestsLaunchTests.swift */,
			);
			path = NeverBeBoredUITests;
			sourceTree = "<group>";
		};
		535494B628F59700009EC0CB /* Application */ = {
			isa = PBXGroup;
			children = (
				5354948528F4A0F5009EC0CB /* AppDelegate.swift */,
				5354948728F4A0F5009EC0CB /* SceneDelegate.swift */,
				5354949028F4A0F6009EC0CB /* LaunchScreen.storyboard */,
			);
			path = Application;
			sourceTree = "<group>";
		};
		535494B728F59708009EC0CB /* Source */ = {
			isa = PBXGroup;
			children = (
				535494BC28F5B7F1009EC0CB /* Enum */,
				535494CF28F69F0E009EC0CB /* Protocol */,
				536CDA3C28F880DA00C3B698 /* Utils */,
				535494B928F5B0B6009EC0CB /* Model */,
				535494BF28F5DCA4009EC0CB /* Service */,
				53E9C2032900269800131473 /* Favorites */,
				536CDA4A28FD8CB800C3B698 /* MainScreen */,
				536CDA3428F8800500C3B698 /* OnboardingScreen */,
			);
			path = Source;
			sourceTree = "<group>";
		};
		535494B828F59710009EC0CB /* Resource */ = {
			isa = PBXGroup;
			children = (
				5354948E28F4A0F6009EC0CB /* Assets.xcassets */,
			);
			path = Resource;
			sourceTree = "<group>";
		};
		535494B928F5B0B6009EC0CB /* Model */ = {
			isa = PBXGroup;
			children = (
				535494BA28F5B0CB009EC0CB /* APIModel.swift */,
			);
			path = Model;
			sourceTree = "<group>";
		};
		535494BC28F5B7F1009EC0CB /* Enum */ = {
			isa = PBXGroup;
			children = (
				535494BD28F5B7FE009EC0CB /* EnumError.swift */,
			);
			path = Enum;
			sourceTree = "<group>";
		};
		535494BF28F5DCA4009EC0CB /* Service */ = {
			isa = PBXGroup;
			children = (
				535494C028F5DCBC009EC0CB /* APICall.swift */,
				5354948928F4A0F5009EC0CB /* ApiViewController.swift */,
			);
			path = Service;
			sourceTree = "<group>";
		};
		535494CF28F69F0E009EC0CB /* Protocol */ = {
			isa = PBXGroup;
			children = (
				535494D028F69F2C009EC0CB /* ViewCoding.swift */,
			);
			path = Protocol;
			sourceTree = "<group>";
		};
		536CDA3428F8800500C3B698 /* OnboardingScreen */ = {
			isa = PBXGroup;
			children = (
				536CDA3528F8801700C3B698 /* Components */,
				536CDA3828F8804C00C3B698 /* OnboardingScreenController.swift */,
				536CDA3F28F9873700C3B698 /* OnboardingScreenView.swift */,
				536CDA4128F990E800C3B698 /* OnboardingScreenModel.swift */,
			);
			path = OnboardingScreen;
			sourceTree = "<group>";
		};
		536CDA3528F8801700C3B698 /* Components */ = {
			isa = PBXGroup;
			children = (
			);
			path = Components;
			sourceTree = "<group>";
		};
		536CDA3C28F880DA00C3B698 /* Utils */ = {
			isa = PBXGroup;
			children = (
				536CDA3D28F8812000C3B698 /* Utils.swift */,
			);
			path = Utils;
			sourceTree = "<group>";
		};
		536CDA4A28FD8CB800C3B698 /* MainScreen */ = {
			isa = PBXGroup;
			children = (
				536CDA5328FDD01800C3B698 /* Components */,
				536CDA4D28FD8CF200C3B698 /* MainScreenView.swift */,
				536CDA4F28FD8CFE00C3B698 /* MainScreenModel.swift */,
				536CDA5128FDA3DA00C3B698 /* MainScreenController.swift */,
			);
			path = MainScreen;
			sourceTree = "<group>";
		};
		536CDA5328FDD01800C3B698 /* Components */ = {
			isa = PBXGroup;
			children = (
			);
			path = Components;
			sourceTree = "<group>";
		};
		53E9C2032900269800131473 /* Favorites */ = {
			isa = PBXGroup;
			children = (
				53E9C204290026A800131473 /* FavoritesController.swift */,
				53E9C20629006E9400131473 /* FavoritesView.swift */,
			);
			path = Favorites;
			sourceTree = "<group>";
		};
/* End PBXGroup section */

/* Begin PBXNativeTarget section */
		5354948128F4A0F5009EC0CB /* NeverBeBored */ = {
			isa = PBXNativeTarget;
			buildConfigurationList = 535494AC28F4A0F6009EC0CB /* Build configuration list for PBXNativeTarget "NeverBeBored" */;
			buildPhases = (
				5354947E28F4A0F5009EC0CB /* Sources */,
				5354947F28F4A0F5009EC0CB /* Frameworks */,
				5354948028F4A0F5009EC0CB /* Resources */,
				535494B528F5949C009EC0CB /* ShellScript */,
			);
			buildRules = (
			);
			dependencies = (
			);
			name = NeverBeBored;
			productName = NeverBeBored;
			productReference = 5354948228F4A0F5009EC0CB /* NeverBeBored.app */;
			productType = "com.apple.product-type.application";
		};
		5354949728F4A0F6009EC0CB /* NeverBeBoredTests */ = {
			isa = PBXNativeTarget;
			buildConfigurationList = 535494AF28F4A0F6009EC0CB /* Build configuration list for PBXNativeTarget "NeverBeBoredTests" */;
			buildPhases = (
				5354949428F4A0F6009EC0CB /* Sources */,
				5354949528F4A0F6009EC0CB /* Frameworks */,
				5354949628F4A0F6009EC0CB /* Resources */,
			);
			buildRules = (
			);
			dependencies = (
				5354949A28F4A0F6009EC0CB /* PBXTargetDependency */,
			);
			name = NeverBeBoredTests;
			productName = NeverBeBoredTests;
			productReference = 5354949828F4A0F6009EC0CB /* NeverBeBoredTests.xctest */;
			productType = "com.apple.product-type.bundle.unit-test";
		};
		535494A128F4A0F6009EC0CB /* NeverBeBoredUITests */ = {
			isa = PBXNativeTarget;
			buildConfigurationList = 535494B228F4A0F6009EC0CB /* Build configuration list for PBXNativeTarget "NeverBeBoredUITests" */;
			buildPhases = (
				5354949E28F4A0F6009EC0CB /* Sources */,
				5354949F28F4A0F6009EC0CB /* Frameworks */,
				535494A028F4A0F6009EC0CB /* Resources */,
			);
			buildRules = (
			);
			dependencies = (
				535494A428F4A0F6009EC0CB /* PBXTargetDependency */,
			);
			name = NeverBeBoredUITests;
			productName = NeverBeBoredUITests;
			productReference = 535494A228F4A0F6009EC0CB /* NeverBeBoredUITests.xctest */;
			productType = "com.apple.product-type.bundle.ui-testing";
		};
/* End PBXNativeTarget section */

/* Begin PBXProject section */
		5354947A28F4A0F5009EC0CB /* Project object */ = {
			isa = PBXProject;
			attributes = {
				BuildIndependentTargetsInParallel = 1;
				LastSwiftUpdateCheck = 1400;
				LastUpgradeCheck = 1400;
				TargetAttributes = {
					5354948128F4A0F5009EC0CB = {
						CreatedOnToolsVersion = 14.0.1;
					};
					5354949728F4A0F6009EC0CB = {
						CreatedOnToolsVersion = 14.0.1;
						TestTargetID = 5354948128F4A0F5009EC0CB;
					};
					535494A128F4A0F6009EC0CB = {
						CreatedOnToolsVersion = 14.0.1;
						TestTargetID = 5354948128F4A0F5009EC0CB;
					};
				};
			};
			buildConfigurationList = 5354947D28F4A0F5009EC0CB /* Build configuration list for PBXProject "NeverBeBored" */;
			compatibilityVersion = "Xcode 14.0";
			developmentRegion = en;
			hasScannedForEncodings = 0;
			knownRegions = (
				en,
				Base,
			);
			mainGroup = 5354947928F4A0F5009EC0CB;
			productRefGroup = 5354948328F4A0F5009EC0CB /* Products */;
			projectDirPath = "";
			projectRoot = "";
			targets = (
				5354948128F4A0F5009EC0CB /* NeverBeBored */,
				5354949728F4A0F6009EC0CB /* NeverBeBoredTests */,
				535494A128F4A0F6009EC0CB /* NeverBeBoredUITests */,
			);
		};
/* End PBXProject section */

/* Begin PBXResourcesBuildPhase section */
		5354948028F4A0F5009EC0CB /* Resources */ = {
			isa = PBXResourcesBuildPhase;
			buildActionMask = 2147483647;
			files = (
				5354949228F4A0F6009EC0CB /* LaunchScreen.storyboard in Resources */,
				5354948F28F4A0F6009EC0CB /* Assets.xcassets in Resources */,
			);
			runOnlyForDeploymentPostprocessing = 0;
		};
		5354949628F4A0F6009EC0CB /* Resources */ = {
			isa = PBXResourcesBuildPhase;
			buildActionMask = 2147483647;
			files = (
			);
			runOnlyForDeploymentPostprocessing = 0;
		};
		535494A028F4A0F6009EC0CB /* Resources */ = {
			isa = PBXResourcesBuildPhase;
			buildActionMask = 2147483647;
			files = (
			);
			runOnlyForDeploymentPostprocessing = 0;
		};
/* End PBXResourcesBuildPhase section */

/* Begin PBXShellScriptBuildPhase section */
		535494B528F5949C009EC0CB /* ShellScript */ = {
			isa = PBXShellScriptBuildPhase;
			buildActionMask = 2147483647;
			files = (
			);
			inputFileListPaths = (
			);
			inputPaths = (
			);
			outputFileListPaths = (
			);
			outputPaths = (
			);
			runOnlyForDeploymentPostprocessing = 0;
			shellPath = /bin/sh;
			shellScript = "export PATH=\"$PATH:/opt/homebrew/bin\"\nif which swiftlint > /dev/null; then\n  swiftlint\nelse\n  echo \"warning: SwiftLint not installed, download from https://github.com/realm/SwiftLint\"\nfi\n";
		};
/* End PBXShellScriptBuildPhase section */

/* Begin PBXSourcesBuildPhase section */
		5354947E28F4A0F5009EC0CB /* Sources */ = {
			isa = PBXSourcesBuildPhase;
			buildActionMask = 2147483647;
			files = (
				536CDA3928F8804C00C3B698 /* OnboardingScreenController.swift in Sources */,
				536CDA4028F9873700C3B698 /* OnboardingScreenView.swift in Sources */,
				5354948A28F4A0F5009EC0CB /* ApiViewController.swift in Sources */,
				535494BB28F5B0CB009EC0CB /* APIModel.swift in Sources */,
				535494D128F69F2C009EC0CB /* ViewCoding.swift in Sources */,
				535494BE28F5B7FE009EC0CB /* EnumError.swift in Sources */,
				535494C128F5DCBC009EC0CB /* APICall.swift in Sources */,
				536CDA5028FD8CFE00C3B698 /* MainScreenModel.swift in Sources */,
				536CDA3E28F8812000C3B698 /* Utils.swift in Sources */,
				5354948628F4A0F5009EC0CB /* AppDelegate.swift in Sources */,
				53E9C205290026A800131473 /* FavoritesController.swift in Sources */,
				536CDA5228FDA3DA00C3B698 /* MainScreenController.swift in Sources */,
				53E9C20729006E9400131473 /* FavoritesView.swift in Sources */,
				536CDA4228F990E800C3B698 /* OnboardingScreenModel.swift in Sources */,
				5354948828F4A0F5009EC0CB /* SceneDelegate.swift in Sources */,
				536CDA4E28FD8CF200C3B698 /* MainScreenView.swift in Sources */,
			);
			runOnlyForDeploymentPostprocessing = 0;
		};
		5354949428F4A0F6009EC0CB /* Sources */ = {
			isa = PBXSourcesBuildPhase;
			buildActionMask = 2147483647;
			files = (
				5354949D28F4A0F6009EC0CB /* NeverBeBoredTests.swift in Sources */,
			);
			runOnlyForDeploymentPostprocessing = 0;
		};
		5354949E28F4A0F6009EC0CB /* Sources */ = {
			isa = PBXSourcesBuildPhase;
			buildActionMask = 2147483647;
			files = (
				535494A728F4A0F6009EC0CB /* NeverBeBoredUITests.swift in Sources */,
				535494A928F4A0F6009EC0CB /* NeverBeBoredUITestsLaunchTests.swift in Sources */,
			);
			runOnlyForDeploymentPostprocessing = 0;
		};
/* End PBXSourcesBuildPhase section */

/* Begin PBXTargetDependency section */
		5354949A28F4A0F6009EC0CB /* PBXTargetDependency */ = {
			isa = PBXTargetDependency;
			target = 5354948128F4A0F5009EC0CB /* NeverBeBored */;
			targetProxy = 5354949928F4A0F6009EC0CB /* PBXContainerItemProxy */;
		};
		535494A428F4A0F6009EC0CB /* PBXTargetDependency */ = {
			isa = PBXTargetDependency;
			target = 5354948128F4A0F5009EC0CB /* NeverBeBored */;
			targetProxy = 535494A328F4A0F6009EC0CB /* PBXContainerItemProxy */;
		};
/* End PBXTargetDependency section */

/* Begin PBXVariantGroup section */
		5354949028F4A0F6009EC0CB /* LaunchScreen.storyboard */ = {
			isa = PBXVariantGroup;
			children = (
				5354949128F4A0F6009EC0CB /* Base */,
			);
			name = LaunchScreen.storyboard;
			sourceTree = "<group>";
		};
/* End PBXVariantGroup section */

/* Begin XCBuildConfiguration section */
		535494AA28F4A0F6009EC0CB /* Debug */ = {
			isa = XCBuildConfiguration;
			buildSettings = {
				ALWAYS_SEARCH_USER_PATHS = NO;
				CLANG_ANALYZER_NONNULL = YES;
				CLANG_ANALYZER_NUMBER_OBJECT_CONVERSION = YES_AGGRESSIVE;
				CLANG_CXX_LANGUAGE_STANDARD = "gnu++20";
				CLANG_ENABLE_MODULES = YES;
				CLANG_ENABLE_OBJC_ARC = YES;
				CLANG_ENABLE_OBJC_WEAK = YES;
				CLANG_WARN_BLOCK_CAPTURE_AUTORELEASING = YES;
				CLANG_WARN_BOOL_CONVERSION = YES;
				CLANG_WARN_COMMA = YES;
				CLANG_WARN_CONSTANT_CONVERSION = YES;
				CLANG_WARN_DEPRECATED_OBJC_IMPLEMENTATIONS = YES;
				CLANG_WARN_DIRECT_OBJC_ISA_USAGE = YES_ERROR;
				CLANG_WARN_DOCUMENTATION_COMMENTS = YES;
				CLANG_WARN_EMPTY_BODY = YES;
				CLANG_WARN_ENUM_CONVERSION = YES;
				CLANG_WARN_INFINITE_RECURSION = YES;
				CLANG_WARN_INT_CONVERSION = YES;
				CLANG_WARN_NON_LITERAL_NULL_CONVERSION = YES;
				CLANG_WARN_OBJC_IMPLICIT_RETAIN_SELF = YES;
				CLANG_WARN_OBJC_LITERAL_CONVERSION = YES;
				CLANG_WARN_OBJC_ROOT_CLASS = YES_ERROR;
				CLANG_WARN_QUOTED_INCLUDE_IN_FRAMEWORK_HEADER = YES;
				CLANG_WARN_RANGE_LOOP_ANALYSIS = YES;
				CLANG_WARN_STRICT_PROTOTYPES = YES;
				CLANG_WARN_SUSPICIOUS_MOVE = YES;
				CLANG_WARN_UNGUARDED_AVAILABILITY = YES_AGGRESSIVE;
				CLANG_WARN_UNREACHABLE_CODE = YES;
				CLANG_WARN__DUPLICATE_METHOD_MATCH = YES;
				COPY_PHASE_STRIP = NO;
				DEBUG_INFORMATION_FORMAT = dwarf;
				ENABLE_STRICT_OBJC_MSGSEND = YES;
				ENABLE_TESTABILITY = YES;
				GCC_C_LANGUAGE_STANDARD = gnu11;
				GCC_DYNAMIC_NO_PIC = NO;
				GCC_NO_COMMON_BLOCKS = YES;
				GCC_OPTIMIZATION_LEVEL = 0;
				GCC_PREPROCESSOR_DEFINITIONS = (
					"DEBUG=1",
					"$(inherited)",
				);
				GCC_WARN_64_TO_32_BIT_CONVERSION = YES;
				GCC_WARN_ABOUT_RETURN_TYPE = YES_ERROR;
				GCC_WARN_UNDECLARED_SELECTOR = YES;
				GCC_WARN_UNINITIALIZED_AUTOS = YES_AGGRESSIVE;
				GCC_WARN_UNUSED_FUNCTION = YES;
				GCC_WARN_UNUSED_VARIABLE = YES;
				IPHONEOS_DEPLOYMENT_TARGET = 16.0;
				MTL_ENABLE_DEBUG_INFO = INCLUDE_SOURCE;
				MTL_FAST_MATH = YES;
				ONLY_ACTIVE_ARCH = YES;
				SDKROOT = iphoneos;
				SWIFT_ACTIVE_COMPILATION_CONDITIONS = DEBUG;
				SWIFT_OPTIMIZATION_LEVEL = "-Onone";
			};
			name = Debug;
		};
		535494AB28F4A0F6009EC0CB /* Release */ = {
			isa = XCBuildConfiguration;
			buildSettings = {
				ALWAYS_SEARCH_USER_PATHS = NO;
				CLANG_ANALYZER_NONNULL = YES;
				CLANG_ANALYZER_NUMBER_OBJECT_CONVERSION = YES_AGGRESSIVE;
				CLANG_CXX_LANGUAGE_STANDARD = "gnu++20";
				CLANG_ENABLE_MODULES = YES;
				CLANG_ENABLE_OBJC_ARC = YES;
				CLANG_ENABLE_OBJC_WEAK = YES;
				CLANG_WARN_BLOCK_CAPTURE_AUTORELEASING = YES;
				CLANG_WARN_BOOL_CONVERSION = YES;
				CLANG_WARN_COMMA = YES;
				CLANG_WARN_CONSTANT_CONVERSION = YES;
				CLANG_WARN_DEPRECATED_OBJC_IMPLEMENTATIONS = YES;
				CLANG_WARN_DIRECT_OBJC_ISA_USAGE = YES_ERROR;
				CLANG_WARN_DOCUMENTATION_COMMENTS = YES;
				CLANG_WARN_EMPTY_BODY = YES;
				CLANG_WARN_ENUM_CONVERSION = YES;
				CLANG_WARN_INFINITE_RECURSION = YES;
				CLANG_WARN_INT_CONVERSION = YES;
				CLANG_WARN_NON_LITERAL_NULL_CONVERSION = YES;
				CLANG_WARN_OBJC_IMPLICIT_RETAIN_SELF = YES;
				CLANG_WARN_OBJC_LITERAL_CONVERSION = YES;
				CLANG_WARN_OBJC_ROOT_CLASS = YES_ERROR;
				CLANG_WARN_QUOTED_INCLUDE_IN_FRAMEWORK_HEADER = YES;
				CLANG_WARN_RANGE_LOOP_ANALYSIS = YES;
				CLANG_WARN_STRICT_PROTOTYPES = YES;
				CLANG_WARN_SUSPICIOUS_MOVE = YES;
				CLANG_WARN_UNGUARDED_AVAILABILITY = YES_AGGRESSIVE;
				CLANG_WARN_UNREACHABLE_CODE = YES;
				CLANG_WARN__DUPLICATE_METHOD_MATCH = YES;
				COPY_PHASE_STRIP = NO;
				DEBUG_INFORMATION_FORMAT = "dwarf-with-dsym";
				ENABLE_NS_ASSERTIONS = NO;
				ENABLE_STRICT_OBJC_MSGSEND = YES;
				GCC_C_LANGUAGE_STANDARD = gnu11;
				GCC_NO_COMMON_BLOCKS = YES;
				GCC_WARN_64_TO_32_BIT_CONVERSION = YES;
				GCC_WARN_ABOUT_RETURN_TYPE = YES_ERROR;
				GCC_WARN_UNDECLARED_SELECTOR = YES;
				GCC_WARN_UNINITIALIZED_AUTOS = YES_AGGRESSIVE;
				GCC_WARN_UNUSED_FUNCTION = YES;
				GCC_WARN_UNUSED_VARIABLE = YES;
				IPHONEOS_DEPLOYMENT_TARGET = 16.0;
				MTL_ENABLE_DEBUG_INFO = NO;
				MTL_FAST_MATH = YES;
				SDKROOT = iphoneos;
				SWIFT_COMPILATION_MODE = wholemodule;
				SWIFT_OPTIMIZATION_LEVEL = "-O";
				VALIDATE_PRODUCT = YES;
			};
			name = Release;
		};
		535494AD28F4A0F6009EC0CB /* Debug */ = {
			isa = XCBuildConfiguration;
			buildSettings = {
				ASSETCATALOG_COMPILER_APPICON_NAME = AppIcon;
				ASSETCATALOG_COMPILER_GLOBAL_ACCENT_COLOR_NAME = AccentColor;
				CODE_SIGN_STYLE = Automatic;
				CURRENT_PROJECT_VERSION = 1;
				DEVELOPMENT_TEAM = S4KGZ74WDF;
				GENERATE_INFOPLIST_FILE = YES;
				INFOPLIST_FILE = NeverBeBored/Info.plist;
				INFOPLIST_KEY_UIApplicationSupportsIndirectInputEvents = YES;
				INFOPLIST_KEY_UILaunchStoryboardName = LaunchScreen;
				INFOPLIST_KEY_UISupportedInterfaceOrientations_iPad = "UIInterfaceOrientationPortrait UIInterfaceOrientationPortraitUpsideDown UIInterfaceOrientationLandscapeLeft UIInterfaceOrientationLandscapeRight";
				INFOPLIST_KEY_UISupportedInterfaceOrientations_iPhone = "UIInterfaceOrientationPortrait UIInterfaceOrientationLandscapeLeft UIInterfaceOrientationLandscapeRight";
				LD_RUNPATH_SEARCH_PATHS = (
					"$(inherited)",
					"@executable_path/Frameworks",
				);
				MARKETING_VERSION = 1.0;
				PRODUCT_BUNDLE_IDENTIFIER = com.individual.NeverBeBored;
				PRODUCT_NAME = "$(TARGET_NAME)";
				SWIFT_EMIT_LOC_STRINGS = YES;
				SWIFT_VERSION = 5.0;
				TARGETED_DEVICE_FAMILY = "1,2";
			};
			name = Debug;
		};
		535494AE28F4A0F6009EC0CB /* Release */ = {
			isa = XCBuildConfiguration;
			buildSettings = {
				ASSETCATALOG_COMPILER_APPICON_NAME = AppIcon;
				ASSETCATALOG_COMPILER_GLOBAL_ACCENT_COLOR_NAME = AccentColor;
				CODE_SIGN_STYLE = Automatic;
				CURRENT_PROJECT_VERSION = 1;
				DEVELOPMENT_TEAM = S4KGZ74WDF;
				GENERATE_INFOPLIST_FILE = YES;
				INFOPLIST_FILE = NeverBeBored/Info.plist;
				INFOPLIST_KEY_UIApplicationSupportsIndirectInputEvents = YES;
				INFOPLIST_KEY_UILaunchStoryboardName = LaunchScreen;
				INFOPLIST_KEY_UISupportedInterfaceOrientations_iPad = "UIInterfaceOrientationPortrait UIInterfaceOrientationPortraitUpsideDown UIInterfaceOrientationLandscapeLeft UIInterfaceOrientationLandscapeRight";
				INFOPLIST_KEY_UISupportedInterfaceOrientations_iPhone = "UIInterfaceOrientationPortrait UIInterfaceOrientationLandscapeLeft UIInterfaceOrientationLandscapeRight";
				LD_RUNPATH_SEARCH_PATHS = (
					"$(inherited)",
					"@executable_path/Frameworks",
				);
				MARKETING_VERSION = 1.0;
				PRODUCT_BUNDLE_IDENTIFIER = com.individual.NeverBeBored;
				PRODUCT_NAME = "$(TARGET_NAME)";
				SWIFT_EMIT_LOC_STRINGS = YES;
				SWIFT_VERSION = 5.0;
				TARGETED_DEVICE_FAMILY = "1,2";
			};
			name = Release;
		};
		535494B028F4A0F6009EC0CB /* Debug */ = {
			isa = XCBuildConfiguration;
			buildSettings = {
				ALWAYS_EMBED_SWIFT_STANDARD_LIBRARIES = YES;
				BUNDLE_LOADER = "$(TEST_HOST)";
				CODE_SIGN_STYLE = Automatic;
				CURRENT_PROJECT_VERSION = 1;
				DEVELOPMENT_TEAM = S4KGZ74WDF;
				GENERATE_INFOPLIST_FILE = YES;
				IPHONEOS_DEPLOYMENT_TARGET = 16.0;
				MARKETING_VERSION = 1.0;
				PRODUCT_BUNDLE_IDENTIFIER = com.individual.NeverBeBoredTests;
				PRODUCT_NAME = "$(TARGET_NAME)";
				SWIFT_EMIT_LOC_STRINGS = NO;
				SWIFT_VERSION = 5.0;
				TARGETED_DEVICE_FAMILY = "1,2";
				TEST_HOST = "$(BUILT_PRODUCTS_DIR)/NeverBeBored.app/$(BUNDLE_EXECUTABLE_FOLDER_PATH)/NeverBeBored";
			};
			name = Debug;
		};
		535494B128F4A0F6009EC0CB /* Release */ = {
			isa = XCBuildConfiguration;
			buildSettings = {
				ALWAYS_EMBED_SWIFT_STANDARD_LIBRARIES = YES;
				BUNDLE_LOADER = "$(TEST_HOST)";
				CODE_SIGN_STYLE = Automatic;
				CURRENT_PROJECT_VERSION = 1;
				DEVELOPMENT_TEAM = S4KGZ74WDF;
				GENERATE_INFOPLIST_FILE = YES;
				IPHONEOS_DEPLOYMENT_TARGET = 16.0;
				MARKETING_VERSION = 1.0;
				PRODUCT_BUNDLE_IDENTIFIER = com.individual.NeverBeBoredTests;
				PRODUCT_NAME = "$(TARGET_NAME)";
				SWIFT_EMIT_LOC_STRINGS = NO;
				SWIFT_VERSION = 5.0;
				TARGETED_DEVICE_FAMILY = "1,2";
				TEST_HOST = "$(BUILT_PRODUCTS_DIR)/NeverBeBored.app/$(BUNDLE_EXECUTABLE_FOLDER_PATH)/NeverBeBored";
			};
			name = Release;
		};
		535494B328F4A0F6009EC0CB /* Debug */ = {
			isa = XCBuildConfiguration;
			buildSettings = {
				ALWAYS_EMBED_SWIFT_STANDARD_LIBRARIES = YES;
				CODE_SIGN_STYLE = Automatic;
				CURRENT_PROJECT_VERSION = 1;
				DEVELOPMENT_TEAM = S4KGZ74WDF;
				GENERATE_INFOPLIST_FILE = YES;
				MARKETING_VERSION = 1.0;
				PRODUCT_BUNDLE_IDENTIFIER = com.individual.NeverBeBoredUITests;
				PRODUCT_NAME = "$(TARGET_NAME)";
				SWIFT_EMIT_LOC_STRINGS = NO;
				SWIFT_VERSION = 5.0;
				TARGETED_DEVICE_FAMILY = "1,2";
				TEST_TARGET_NAME = NeverBeBored;
			};
			name = Debug;
		};
		535494B428F4A0F6009EC0CB /* Release */ = {
			isa = XCBuildConfiguration;
			buildSettings = {
				ALWAYS_EMBED_SWIFT_STANDARD_LIBRARIES = YES;
				CODE_SIGN_STYLE = Automatic;
				CURRENT_PROJECT_VERSION = 1;
				DEVELOPMENT_TEAM = S4KGZ74WDF;
				GENERATE_INFOPLIST_FILE = YES;
				MARKETING_VERSION = 1.0;
				PRODUCT_BUNDLE_IDENTIFIER = com.individual.NeverBeBoredUITests;
				PRODUCT_NAME = "$(TARGET_NAME)";
				SWIFT_EMIT_LOC_STRINGS = NO;
				SWIFT_VERSION = 5.0;
				TARGETED_DEVICE_FAMILY = "1,2";
				TEST_TARGET_NAME = NeverBeBored;
			};
			name = Release;
		};
/* End XCBuildConfiguration section */

/* Begin XCConfigurationList section */
		5354947D28F4A0F5009EC0CB /* Build configuration list for PBXProject "NeverBeBored" */ = {
			isa = XCConfigurationList;
			buildConfigurations = (
				535494AA28F4A0F6009EC0CB /* Debug */,
				535494AB28F4A0F6009EC0CB /* Release */,
			);
			defaultConfigurationIsVisible = 0;
			defaultConfigurationName = Release;
		};
		535494AC28F4A0F6009EC0CB /* Build configuration list for PBXNativeTarget "NeverBeBored" */ = {
			isa = XCConfigurationList;
			buildConfigurations = (
				535494AD28F4A0F6009EC0CB /* Debug */,
				535494AE28F4A0F6009EC0CB /* Release */,
			);
			defaultConfigurationIsVisible = 0;
			defaultConfigurationName = Release;
		};
		535494AF28F4A0F6009EC0CB /* Build configuration list for PBXNativeTarget "NeverBeBoredTests" */ = {
			isa = XCConfigurationList;
			buildConfigurations = (
				535494B028F4A0F6009EC0CB /* Debug */,
				535494B128F4A0F6009EC0CB /* Release */,
			);
			defaultConfigurationIsVisible = 0;
			defaultConfigurationName = Release;
		};
		535494B228F4A0F6009EC0CB /* Build configuration list for PBXNativeTarget "NeverBeBoredUITests" */ = {
			isa = XCConfigurationList;
			buildConfigurations = (
				535494B328F4A0F6009EC0CB /* Debug */,
				535494B428F4A0F6009EC0CB /* Release */,
			);
			defaultConfigurationIsVisible = 0;
			defaultConfigurationName = Release;
		};
/* End XCConfigurationList section */
	};
	rootObject = 5354947A28F4A0F5009EC0CB /* Project object */;
}
